
Microsoft Visual Studio Solution File, Format Version 12.00
# Visual Studio Version 16
VisualStudioVersion = 16.0.31515.178
MinimumVisualStudioVersion = 10.0.40219.1
Project("{FAE04EC0-301F-11D3-BF4B-00C04F79EFBC}") = "Bitmate", "src\Bitmate\Bitmate.csproj", "{45B54159-E06F-49E0-B4AC-F232499168D2}"
EndProject
Global
	GlobalSection(SolutionConfigurationPlatforms) = preSolution
		Debug|Any CPU = Debug|Any CPU
		Release|Any CPU = Release|Any CPU
	EndGlobalSection
	GlobalSection(ProjectConfigurationPlatforms) = postSolution
		{45B54159-E06F-49E0-B4AC-F232499168D2}.Debug|Any CPU.ActiveCfg = Debug|Any CPU
		{45B54159-E06F-49E0-B4AC-F232499168D2}.Debug|Any CPU.Build.0 = Debug|Any CPU
		{45B54159-E06F-49E0-B4AC-F232499168D2}.Release|Any CPU.ActiveCfg = Release|Any CPU
		{45B54159-E06F-49E0-B4AC-F232499168D2}.Release|Any CPU.Build.0 = Release|Any CPU
	EndGlobalSection
	GlobalSection(SolutionProperties) = preSolution
		HideSolutionNode = FALSE
	EndGlobalSection
	GlobalSection(ExtensibilityGlobals) = postSolution
		SolutionGuid = {5E93B6AC-B1F5-4A84-83CC-2F26E37BBFC5}
	EndGlobalSection
EndGlobal
